
Microsoft Visual Studio Solution File, Format Version 12.00
# Visual Studio Version 17
VisualStudioVersion = 17.5.33516.290
MinimumVisualStudioVersion = 10.0.40219.1
Project("{FAE04EC0-301F-11D3-BF4B-00C04F79EFBC}") = "SistemaVenta.Entity", "SistemaVenta.Entity\SistemaVenta.Entity.csproj", "{83D067E7-51F9-4B38-900F-CB03C28245C4}"
EndProject
Project("{FAE04EC0-301F-11D3-BF4B-00C04F79EFBC}") = "SistemaVenta.DAL", "SistemaVenta.DAL\SistemaVenta.DAL.csproj", "{E1C97EB5-2C71-49BA-BAE3-05FBCF04EE16}"
EndProject
Project("{FAE04EC0-301F-11D3-BF4B-00C04F79EFBC}") = "SistemaVenta.BLL", "SistemaVenta.BLL\SistemaVenta.BLL.csproj", "{2FF681F1-320D-4E95-AEEA-5B7AC139E271}"
EndProject
Project("{FAE04EC0-301F-11D3-BF4B-00C04F79EFBC}") = "SistemaVenta.IOC", "SistemaVenta.IOC\SistemaVenta.IOC.csproj", "{DF81838E-4A19-4635-87DF-15E93805810B}"
EndProject
Project("{FAE04EC0-301F-11D3-BF4B-00C04F79EFBC}") = "SistemaVenta.AplicacionWeb", "SistemaVenta.AplicacionWeb\SistemaVenta.AplicacionWeb.csproj", "{DB0F4038-6AFD-412F-B7DA-C1306D4C82C6}"
EndProject
Global
	GlobalSection(SolutionConfigurationPlatforms) = preSolution
		Debug|Any CPU = Debug|Any CPU
		Release|Any CPU = Release|Any CPU
	EndGlobalSection
	GlobalSection(ProjectConfigurationPlatforms) = postSolution
		{83D067E7-51F9-4B38-900F-CB03C28245C4}.Debug|Any CPU.ActiveCfg = Debug|Any CPU
		{83D067E7-51F9-4B38-900F-CB03C28245C4}.Debug|Any CPU.Build.0 = Debug|Any CPU
		{83D067E7-51F9-4B38-900F-CB03C28245C4}.Release|Any CPU.ActiveCfg = Release|Any CPU
		{83D067E7-51F9-4B38-900F-CB03C28245C4}.Release|Any CPU.Build.0 = Release|Any CPU
		{E1C97EB5-2C71-49BA-BAE3-05FBCF04EE16}.Debug|Any CPU.ActiveCfg = Debug|Any CPU
		{E1C97EB5-2C71-49BA-BAE3-05FBCF04EE16}.Debug|Any CPU.Build.0 = Debug|Any CPU
		{E1C97EB5-2C71-49BA-BAE3-05FBCF04EE16}.Release|Any CPU.ActiveCfg = Release|Any CPU
		{E1C97EB5-2C71-49BA-BAE3-05FBCF04EE16}.Release|Any CPU.Build.0 = Release|Any CPU
		{2FF681F1-320D-4E95-AEEA-5B7AC139E271}.Debug|Any CPU.ActiveCfg = Debug|Any CPU
		{2FF681F1-320D-4E95-AEEA-5B7AC139E271}.Debug|Any CPU.Build.0 = Debug|Any CPU
		{2FF681F1-320D-4E95-AEEA-5B7AC139E271}.Release|Any CPU.ActiveCfg = Release|Any CPU
		{2FF681F1-320D-4E95-AEEA-5B7AC139E271}.Release|Any CPU.Build.0 = Release|Any CPU
		{DF81838E-4A19-4635-87DF-15E93805810B}.Debug|Any CPU.ActiveCfg = Debug|Any CPU
		{DF81838E-4A19-4635-87DF-15E93805810B}.Debug|Any CPU.Build.0 = Debug|Any CPU
		{DF81838E-4A19-4635-87DF-15E93805810B}.Release|Any CPU.ActiveCfg = Release|Any CPU
		{DF81838E-4A19-4635-87DF-15E93805810B}.Release|Any CPU.Build.0 = Release|Any CPU
		{DB0F4038-6AFD-412F-B7DA-C1306D4C82C6}.Debug|Any CPU.ActiveCfg = Debug|Any CPU
		{DB0F4038-6AFD-412F-B7DA-C1306D4C82C6}.Debug|Any CPU.Build.0 = Debug|Any CPU
		{DB0F4038-6AFD-412F-B7DA-C1306D4C82C6}.Release|Any CPU.ActiveCfg = Release|Any CPU
		{DB0F4038-6AFD-412F-B7DA-C1306D4C82C6}.Release|Any CPU.Build.0 = Release|Any CPU
	EndGlobalSection
	GlobalSection(SolutionProperties) = preSolution
		HideSolutionNode = FALSE
	EndGlobalSection
	GlobalSection(ExtensibilityGlobals) = postSolution
		SolutionGuid = {2C0F2517-4266-4BCA-BF16-E6473D7B692E}
	EndGlobalSection
EndGlobal
